
Microsoft Visual Studio Solution File, Format Version 12.00
# Visual Studio 14
VisualStudioVersion = 14.0.23107.0
MinimumVisualStudioVersion = 10.0.40219.1
Project("{FAE04EC0-301F-11D3-BF4B-00C04F79EFBC}") = "Kozlowski.Slide", "Kozlowski.Slide\Kozlowski.Slide.csproj", "{E6102B2A-6D4B-4720-BAAC-C0E807E8C223}"
EndProject
Project("{FAE04EC0-301F-11D3-BF4B-00C04F79EFBC}") = "Kozlowski.Slide.Shared", "Kozlowski.Slide.Shared\Kozlowski.Slide.Shared.csproj", "{ACACF891-C9CE-4BA7-9877-DB682FF878BD}"
EndProject
Project("{FAE04EC0-301F-11D3-BF4B-00C04F79EFBC}") = "Kozlowski.Slide.Background", "Kozlowski.Slide.Background\Kozlowski.Slide.Background.csproj", "{36AC58B2-9592-4DAD-9E8B-782E112AF95A}"
EndProject
Global
	GlobalSection(SolutionConfigurationPlatforms) = preSolution
		Debug|Any CPU = Debug|Any CPU
		Debug|ARM = Debug|ARM
		Debug|x64 = Debug|x64
		Debug|x86 = Debug|x86
		Release|Any CPU = Release|Any CPU
		Release|ARM = Release|ARM
		Release|x64 = Release|x64
		Release|x86 = Release|x86
	EndGlobalSection
	GlobalSection(ProjectConfigurationPlatforms) = postSolution
		{E6102B2A-6D4B-4720-BAAC-C0E807E8C223}.Debug|Any CPU.ActiveCfg = Debug|x86
		{E6102B2A-6D4B-4720-BAAC-C0E807E8C223}.Debug|ARM.ActiveCfg = Debug|ARM
		{E6102B2A-6D4B-4720-BAAC-C0E807E8C223}.Debug|ARM.Build.0 = Debug|ARM
		{E6102B2A-6D4B-4720-BAAC-C0E807E8C223}.Debug|ARM.Deploy.0 = Debug|ARM
		{E6102B2A-6D4B-4720-BAAC-C0E807E8C223}.Debug|x64.ActiveCfg = Debug|x64
		{E6102B2A-6D4B-4720-BAAC-C0E807E8C223}.Debug|x64.Build.0 = Debug|x64
		{E6102B2A-6D4B-4720-BAAC-C0E807E8C223}.Debug|x64.Deploy.0 = Debug|x64
		{E6102B2A-6D4B-4720-BAAC-C0E807E8C223}.Debug|x86.ActiveCfg = Debug|x86
		{E6102B2A-6D4B-4720-BAAC-C0E807E8C223}.Debug|x86.Build.0 = Debug|x86
		{E6102B2A-6D4B-4720-BAAC-C0E807E8C223}.Debug|x86.Deploy.0 = Debug|x86
		{E6102B2A-6D4B-4720-BAAC-C0E807E8C223}.Release|Any CPU.ActiveCfg = Release|x86
		{E6102B2A-6D4B-4720-BAAC-C0E807E8C223}.Release|ARM.ActiveCfg = Release|ARM
		{E6102B2A-6D4B-4720-BAAC-C0E807E8C223}.Release|ARM.Build.0 = Release|ARM
		{E6102B2A-6D4B-4720-BAAC-C0E807E8C223}.Release|ARM.Deploy.0 = Release|ARM
		{E6102B2A-6D4B-4720-BAAC-C0E807E8C223}.Release|x64.ActiveCfg = Release|x64
		{E6102B2A-6D4B-4720-BAAC-C0E807E8C223}.Release|x64.Build.0 = Release|x64
		{E6102B2A-6D4B-4720-BAAC-C0E807E8C223}.Release|x64.Deploy.0 = Release|x64
		{E6102B2A-6D4B-4720-BAAC-C0E807E8C223}.Release|x86.ActiveCfg = Release|x86
		{E6102B2A-6D4B-4720-BAAC-C0E807E8C223}.Release|x86.Build.0 = Release|x86
		{E6102B2A-6D4B-4720-BAAC-C0E807E8C223}.Release|x86.Deploy.0 = Release|x86
		{ACACF891-C9CE-4BA7-9877-DB682FF878BD}.Debug|Any CPU.ActiveCfg = Debug|Any CPU
		{ACACF891-C9CE-4BA7-9877-DB682FF878BD}.Debug|Any CPU.Build.0 = Debug|Any CPU
		{ACACF891-C9CE-4BA7-9877-DB682FF878BD}.Debug|ARM.ActiveCfg = Debug|ARM
		{ACACF891-C9CE-4BA7-9877-DB682FF878BD}.Debug|ARM.Build.0 = Debug|ARM
		{ACACF891-C9CE-4BA7-9877-DB682FF878BD}.Debug|x64.ActiveCfg = Debug|x64
		{ACACF891-C9CE-4BA7-9877-DB682FF878BD}.Debug|x64.Build.0 = Debug|x64
		{ACACF891-C9CE-4BA7-9877-DB682FF878BD}.Debug|x86.ActiveCfg = Debug|x86
		{ACACF891-C9CE-4BA7-9877-DB682FF878BD}.Debug|x86.Build.0 = Debug|x86
		{ACACF891-C9CE-4BA7-9877-DB682FF878BD}.Release|Any CPU.ActiveCfg = Release|Any CPU
		{ACACF891-C9CE-4BA7-9877-DB682FF878BD}.Release|Any CPU.Build.0 = Release|Any CPU
		{ACACF891-C9CE-4BA7-9877-DB682FF878BD}.Release|ARM.ActiveCfg = Release|ARM
		{ACACF891-C9CE-4BA7-9877-DB682FF878BD}.Release|ARM.Build.0 = Release|ARM
		{ACACF891-C9CE-4BA7-9877-DB682FF878BD}.Release|x64.ActiveCfg = Release|x64
		{ACACF891-C9CE-4BA7-9877-DB682FF878BD}.Release|x64.Build.0 = Release|x64
		{ACACF891-C9CE-4BA7-9877-DB682FF878BD}.Release|x86.ActiveCfg = Release|x86
		{ACACF891-C9CE-4BA7-9877-DB682FF878BD}.Release|x86.Build.0 = Release|x86
		{36AC58B2-9592-4DAD-9E8B-782E112AF95A}.Debug|Any CPU.ActiveCfg = Debug|Any CPU
		{36AC58B2-9592-4DAD-9E8B-782E112AF95A}.Debug|Any CPU.Build.0 = Debug|Any CPU
		{36AC58B2-9592-4DAD-9E8B-782E112AF95A}.Debug|ARM.ActiveCfg = Debug|ARM
		{36AC58B2-9592-4DAD-9E8B-782E112AF95A}.Debug|ARM.Build.0 = Debug|ARM
		{36AC58B2-9592-4DAD-9E8B-782E112AF95A}.Debug|x64.ActiveCfg = Debug|x64
		{36AC58B2-9592-4DAD-9E8B-782E112AF95A}.Debug|x64.Build.0 = Debug|x64
		{36AC58B2-9592-4DAD-9E8B-782E112AF95A}.Debug|x86.ActiveCfg = Debug|x86
		{36AC58B2-9592-4DAD-9E8B-782E112AF95A}.Debug|x86.Build.0 = Debug|x86
		{36AC58B2-9592-4DAD-9E8B-782E112AF95A}.Debug|x86.Deploy.0 = Debug|x86
		{36AC58B2-9592-4DAD-9E8B-782E112AF95A}.Release|Any CPU.ActiveCfg = Release|Any CPU
		{36AC58B2-9592-4DAD-9E8B-782E112AF95A}.Release|Any CPU.Build.0 = Release|Any CPU
		{36AC58B2-9592-4DAD-9E8B-782E112AF95A}.Release|ARM.ActiveCfg = Release|ARM
		{36AC58B2-9592-4DAD-9E8B-782E112AF95A}.Release|ARM.Build.0 = Release|ARM
		{36AC58B2-9592-4DAD-9E8B-782E112AF95A}.Release|x64.ActiveCfg = Release|x64
		{36AC58B2-9592-4DAD-9E8B-782E112AF95A}.Release|x64.Build.0 = Release|x64
		{36AC58B2-9592-4DAD-9E8B-782E112AF95A}.Release|x86.ActiveCfg = Release|x86
		{36AC58B2-9592-4DAD-9E8B-782E112AF95A}.Release|x86.Build.0 = Release|x86
	EndGlobalSection
	GlobalSection(SolutionProperties) = preSolution
		HideSolutionNode = FALSE
	EndGlobalSection
EndGlobal
